
Microsoft Visual Studio Solution File, Format Version 12.00
# Visual Studio Version 17
VisualStudioVersion = 17.4.33205.214
MinimumVisualStudioVersion = 10.0.40219.1
Project("{FAE04EC0-301F-11D3-BF4B-00C04F79EFBC}") = "Students", "Students.csproj", "{1CA6635B-BB9D-414C-9B68-776C9CEAFA38}"
EndProject
Global
	GlobalSection(SolutionConfigurationPlatforms) = preSolution
		Debug|Any CPU = Debug|Any CPU
		Release|Any CPU = Release|Any CPU
	EndGlobalSection
	GlobalSection(ProjectConfigurationPlatforms) = postSolution
		{1CA6635B-BB9D-414C-9B68-776C9CEAFA38}.Debug|Any CPU.ActiveCfg = Debug|Any CPU
		{1CA6635B-BB9D-414C-9B68-776C9CEAFA38}.Debug|Any CPU.Build.0 = Debug|Any CPU
		{1CA6635B-BB9D-414C-9B68-776C9CEAFA38}.Release|Any CPU.ActiveCfg = Release|Any CPU
		{1CA6635B-BB9D-414C-9B68-776C9CEAFA38}.Release|Any CPU.Build.0 = Release|Any CPU
	EndGlobalSection
	GlobalSection(SolutionProperties) = preSolution
		HideSolutionNode = FALSE
	EndGlobalSection
	GlobalSection(ExtensibilityGlobals) = postSolution
		SolutionGuid = {7709ADC8-1EAA-454B-A196-D67E3442B54B}
	EndGlobalSection
EndGlobal
